
Microsoft Visual Studio Solution File, Format Version 12.00
# Visual Studio Version 16
VisualStudioVersion = 16.0.31624.102
MinimumVisualStudioVersion = 10.0.40219.1
Project("{FAE04EC0-301F-11D3-BF4B-00C04F79EFBC}") = "BuscaMinas", "BuscaMinas\BuscaMinas.csproj", "{CFCBF8DC-D421-4697-B670-01535B827CBF}"
EndProject
Global
	GlobalSection(SolutionConfigurationPlatforms) = preSolution
		Debug|Any CPU = Debug|Any CPU
		Release|Any CPU = Release|Any CPU
	EndGlobalSection
	GlobalSection(ProjectConfigurationPlatforms) = postSolution
		{CFCBF8DC-D421-4697-B670-01535B827CBF}.Debug|Any CPU.ActiveCfg = Debug|Any CPU
		{CFCBF8DC-D421-4697-B670-01535B827CBF}.Debug|Any CPU.Build.0 = Debug|Any CPU
		{CFCBF8DC-D421-4697-B670-01535B827CBF}.Release|Any CPU.ActiveCfg = Release|Any CPU
		{CFCBF8DC-D421-4697-B670-01535B827CBF}.Release|Any CPU.Build.0 = Release|Any CPU
	EndGlobalSection
	GlobalSection(SolutionProperties) = preSolution
		HideSolutionNode = FALSE
	EndGlobalSection
	GlobalSection(ExtensibilityGlobals) = postSolution
		SolutionGuid = {277BE213-D354-479B-BA94-C6907738B8EE}
	EndGlobalSection
EndGlobal
